// !$*UTF8*$!
{
	archiveVersion = 1;
	classes = {
	};
	objectVersion = 46;
	objects = {

/* Begin PBXBuildFile section */
		4090C3741C00778C00D53F57 /* BeaconViewController.m in Sources */ = {isa = PBXBuildFile; fileRef = 4090C3731C00778C00D53F57 /* BeaconViewController.m */; };
		409DD1061C016CCA008617FD /* MessageViewController.m in Sources */ = {isa = PBXBuildFile; fileRef = 409DD1051C016CCA008617FD /* MessageViewController.m */; };
		40E786CE1BFB521900D64824 /* SignupViewController.m in Sources */ = {isa = PBXBuildFile; fileRef = 40E786CD1BFB521900D64824 /* SignupViewController.m */; };
		40E786D41BFB5AF700D64824 /* LoginViewController.m in Sources */ = {isa = PBXBuildFile; fileRef = 40E786D31BFB5AF700D64824 /* LoginViewController.m */; };
		40E786D71BFB754300D64824 /* PairViewController.m in Sources */ = {isa = PBXBuildFile; fileRef = 40E786D61BFB754300D64824 /* PairViewController.m */; };
		40FC00A81C4A72DB0065B07D /* Cloudilly.m in Sources */ = {isa = PBXBuildFile; fileRef = 40FC00A31C4A72DB0065B07D /* Cloudilly.m */; };
		40FC00A91C4A72DB0065B07D /* GCDAsyncSocket.m in Sources */ = {isa = PBXBuildFile; fileRef = 40FC00A51C4A72DB0065B07D /* GCDAsyncSocket.m */; };
		40FC00AA1C4A72DB0065B07D /* Reachability.m in Sources */ = {isa = PBXBuildFile; fileRef = 40FC00A71C4A72DB0065B07D /* Reachability.m */; };
		40FC00BB1C4A72FE0065B07D /* Database.m in Sources */ = {isa = PBXBuildFile; fileRef = 40FC00AC1C4A72FE0065B07D /* Database.m */; };
		40FC00BC1C4A72FE0065B07D /* Dingdong.m in Sources */ = {isa = PBXBuildFile; fileRef = 40FC00AE1C4A72FE0065B07D /* Dingdong.m */; };
		40FC00BD1C4A72FE0065B07D /* dingdong.v1.0.0.xcdatamodeld in Sources */ = {isa = PBXBuildFile; fileRef = 40FC00AF1C4A72FE0065B07D /* dingdong.v1.0.0.xcdatamodeld */; };
		40FC00BE1C4A72FE0065B07D /* Dingdong+CoreDataProperties.m in Sources */ = {isa = PBXBuildFile; fileRef = 40FC00B21C4A72FE0065B07D /* Dingdong+CoreDataProperties.m */; };
		40FC00BF1C4A72FE0065B07D /* Message.m in Sources */ = {isa = PBXBuildFile; fileRef = 40FC00B41C4A72FE0065B07D /* Message.m */; };
		40FC00C01C4A72FE0065B07D /* Message+CoreDataProperties.m in Sources */ = {isa = PBXBuildFile; fileRef = 40FC00B61C4A72FE0065B07D /* Message+CoreDataProperties.m */; };
		40FC00C11C4A72FE0065B07D /* Profile.m in Sources */ = {isa = PBXBuildFile; fileRef = 40FC00B81C4A72FE0065B07D /* Profile.m */; };
		40FC00C21C4A72FE0065B07D /* Profile+CoreDataProperties.m in Sources */ = {isa = PBXBuildFile; fileRef = 40FC00BA1C4A72FE0065B07D /* Profile+CoreDataProperties.m */; };
		40FC00CB1C4A73430065B07D /* ButtonCell.m in Sources */ = {isa = PBXBuildFile; fileRef = 40FC00C41C4A73430065B07D /* ButtonCell.m */; };
		40FC00CC1C4A73430065B07D /* NormalCell.m in Sources */ = {isa = PBXBuildFile; fileRef = 40FC00C61C4A73430065B07D /* NormalCell.m */; };
		40FC00CD1C4A73430065B07D /* TextfieldCell.m in Sources */ = {isa = PBXBuildFile; fileRef = 40FC00C81C4A73430065B07D /* TextfieldCell.m */; };
		40FC00CE1C4A73430065B07D /* TitleCell.m in Sources */ = {isa = PBXBuildFile; fileRef = 40FC00CA1C4A73430065B07D /* TitleCell.m */; };
		40FCA8C01BF9C2FE00059BA7 /* main.m in Sources */ = {isa = PBXBuildFile; fileRef = 40FCA8BF1BF9C2FE00059BA7 /* main.m */; };
		40FCA8C31BF9C2FE00059BA7 /* AppDelegate.m in Sources */ = {isa = PBXBuildFile; fileRef = 40FCA8C21BF9C2FE00059BA7 /* AppDelegate.m */; };
		40FCA8CB1BF9C2FE00059BA7 /* Assets.xcassets in Resources */ = {isa = PBXBuildFile; fileRef = 40FCA8CA1BF9C2FE00059BA7 /* Assets.xcassets */; };
		40FCA8D61BF9C45900059BA7 /* EstimoteSDK.framework in Frameworks */ = {isa = PBXBuildFile; fileRef = 40FCA8D51BF9C45900059BA7 /* EstimoteSDK.framework */; };
		40FCA8D91BF9D87300059BA7 /* MainViewController.m in Sources */ = {isa = PBXBuildFile; fileRef = 40FCA8D81BF9D87300059BA7 /* MainViewController.m */; };
		40FCA8DC1BF9DD6B00059BA7 /* SettingsViewController.m in Sources */ = {isa = PBXBuildFile; fileRef = 40FCA8DB1BF9DD6B00059BA7 /* SettingsViewController.m */; };
/* End PBXBuildFile section */

/* Begin PBXFileReference section */
		4090C3721C00778C00D53F57 /* BeaconViewController.h */ = {isa = PBXFileReference; fileEncoding = 4; lastKnownFileType = sourcecode.c.h; path = BeaconViewController.h; sourceTree = "<group>"; };
		4090C3731C00778C00D53F57 /* BeaconViewController.m */ = {isa = PBXFileReference; fileEncoding = 4; lastKnownFileType = sourcecode.c.objc; path = BeaconViewController.m; sourceTree = "<group>"; };
		409DD1041C016CCA008617FD /* MessageViewController.h */ = {isa = PBXFileReference; fileEncoding = 4; lastKnownFileType = sourcecode.c.h; path = MessageViewController.h; sourceTree = "<group>"; };
		409DD1051C016CCA008617FD /* MessageViewController.m */ = {isa = PBXFileReference; fileEncoding = 4; lastKnownFileType = sourcecode.c.objc; path = MessageViewController.m; sourceTree = "<group>"; };
		40E786CC1BFB521900D64824 /* SignupViewController.h */ = {isa = PBXFileReference; fileEncoding = 4; lastKnownFileType = sourcecode.c.h; path = SignupViewController.h; sourceTree = "<group>"; };
		40E786CD1BFB521900D64824 /* SignupViewController.m */ = {isa = PBXFileReference; fileEncoding = 4; lastKnownFileType = sourcecode.c.objc; path = SignupViewController.m; sourceTree = "<group>"; };
		40E786D21BFB5AF700D64824 /* LoginViewController.h */ = {isa = PBXFileReference; fileEncoding = 4; lastKnownFileType = sourcecode.c.h; path = LoginViewController.h; sourceTree = "<group>"; };
		40E786D31BFB5AF700D64824 /* LoginViewController.m */ = {isa = PBXFileReference; fileEncoding = 4; lastKnownFileType = sourcecode.c.objc; path = LoginViewController.m; sourceTree = "<group>"; };
		40E786D51BFB754300D64824 /* PairViewController.h */ = {isa = PBXFileReference; fileEncoding = 4; lastKnownFileType = sourcecode.c.h; path = PairViewController.h; sourceTree = "<group>"; };
		40E786D61BFB754300D64824 /* PairViewController.m */ = {isa = PBXFileReference; fileEncoding = 4; lastKnownFileType = sourcecode.c.objc; path = PairViewController.m; sourceTree = "<group>"; };
		40FC00A21C4A72DB0065B07D /* Cloudilly.h */ = {isa = PBXFileReference; fileEncoding = 4; lastKnownFileType = sourcecode.c.h; name = Cloudilly.h; path = Cloudilly/Cloudilly.h; sourceTree = "<group>"; };
		40FC00A31C4A72DB0065B07D /* Cloudilly.m */ = {isa = PBXFileReference; fileEncoding = 4; lastKnownFileType = sourcecode.c.objc; name = Cloudilly.m; path = Cloudilly/Cloudilly.m; sourceTree = "<group>"; };
		40FC00A41C4A72DB0065B07D /* GCDAsyncSocket.h */ = {isa = PBXFileReference; fileEncoding = 4; lastKnownFileType = sourcecode.c.h; name = GCDAsyncSocket.h; path = Cloudilly/GCDAsyncSocket.h; sourceTree = "<group>"; };
		40FC00A51C4A72DB0065B07D /* GCDAsyncSocket.m */ = {isa = PBXFileReference; fileEncoding = 4; lastKnownFileType = sourcecode.c.objc; name = GCDAsyncSocket.m; path = Cloudilly/GCDAsyncSocket.m; sourceTree = "<group>"; };
		40FC00A61C4A72DB0065B07D /* Reachability.h */ = {isa = PBXFileReference; fileEncoding = 4; lastKnownFileType = sourcecode.c.h; name = Reachability.h; path = Cloudilly/Reachability.h; sourceTree = "<group>"; };
		40FC00A71C4A72DB0065B07D /* Reachability.m */ = {isa = PBXFileReference; fileEncoding = 4; lastKnownFileType = sourcecode.c.objc; name = Reachability.m; path = Cloudilly/Reachability.m; sourceTree = "<group>"; };
		40FC00AB1C4A72FE0065B07D /* Database.h */ = {isa = PBXFileReference; fileEncoding = 4; lastKnownFileType = sourcecode.c.h; name = Database.h; path = Database/Database.h; sourceTree = "<group>"; };
		40FC00AC1C4A72FE0065B07D /* Database.m */ = {isa = PBXFileReference; fileEncoding = 4; lastKnownFileType = sourcecode.c.objc; name = Database.m; path = Database/Database.m; sourceTree = "<group>"; };
		40FC00AD1C4A72FE0065B07D /* Dingdong.h */ = {isa = PBXFileReference; fileEncoding = 4; lastKnownFileType = sourcecode.c.h; name = Dingdong.h; path = Database/Dingdong.h; sourceTree = "<group>"; };
		40FC00AE1C4A72FE0065B07D /* Dingdong.m */ = {isa = PBXFileReference; fileEncoding = 4; lastKnownFileType = sourcecode.c.objc; name = Dingdong.m; path = Database/Dingdong.m; sourceTree = "<group>"; };
		40FC00B01C4A72FE0065B07D /* dingdong.v1.0.0.xcdatamodel */ = {isa = PBXFileReference; lastKnownFileType = wrapper.xcdatamodel; path = dingdong.v1.0.0.xcdatamodel; sourceTree = "<group>"; };
		40FC00B11C4A72FE0065B07D /* Dingdong+CoreDataProperties.h */ = {isa = PBXFileReference; fileEncoding = 4; lastKnownFileType = sourcecode.c.h; name = "Dingdong+CoreDataProperties.h"; path = "Database/Dingdong+CoreDataProperties.h"; sourceTree = "<group>"; };
		40FC00B21C4A72FE0065B07D /* Dingdong+CoreDataProperties.m */ = {isa = PBXFileReference; fileEncoding = 4; lastKnownFileType = sourcecode.c.objc; name = "Dingdong+CoreDataProperties.m"; path = "Database/Dingdong+CoreDataProperties.m"; sourceTree = "<group>"; };
		40FC00B31C4A72FE0065B07D /* Message.h */ = {isa = PBXFileReference; fileEncoding = 4; lastKnownFileType = sourcecode.c.h; name = Message.h; path = Database/Message.h; sourceTree = "<group>"; };
		40FC00B41C4A72FE0065B07D /* Message.m */ = {isa = PBXFileReference; fileEncoding = 4; lastKnownFileType = sourcecode.c.objc; name = Message.m; path = Database/Message.m; sourceTree = "<group>"; };
		40FC00B51C4A72FE0065B07D /* Message+CoreDataProperties.h */ = {isa = PBXFileReference; fileEncoding = 4; lastKnownFileType = sourcecode.c.h; name = "Message+CoreDataProperties.h"; path = "Database/Message+CoreDataProperties.h"; sourceTree = "<group>"; };
		40FC00B61C4A72FE0065B07D /* Message+CoreDataProperties.m */ = {isa = PBXFileReference; fileEncoding = 4; lastKnownFileType = sourcecode.c.objc; name = "Message+CoreDataProperties.m"; path = "Database/Message+CoreDataProperties.m"; sourceTree = "<group>"; };
		40FC00B71C4A72FE0065B07D /* Profile.h */ = {isa = PBXFileReference; fileEncoding = 4; lastKnownFileType = sourcecode.c.h; name = Profile.h; path = Database/Profile.h; sourceTree = "<group>"; };
		40FC00B81C4A72FE0065B07D /* Profile.m */ = {isa = PBXFileReference; fileEncoding = 4; lastKnownFileType = sourcecode.c.objc; name = Profile.m; path = Database/Profile.m; sourceTree = "<group>"; };
		40FC00B91C4A72FE0065B07D /* Profile+CoreDataProperties.h */ = {isa = PBXFileReference; fileEncoding = 4; lastKnownFileType = sourcecode.c.h; name = "Profile+CoreDataProperties.h"; path = "Database/Profile+CoreDataProperties.h"; sourceTree = "<group>"; };
		40FC00BA1C4A72FE0065B07D /* Profile+CoreDataProperties.m */ = {isa = PBXFileReference; fileEncoding = 4; lastKnownFileType = sourcecode.c.objc; name = "Profile+CoreDataProperties.m"; path = "Database/Profile+CoreDataProperties.m"; sourceTree = "<group>"; };
		40FC00C31C4A73430065B07D /* ButtonCell.h */ = {isa = PBXFileReference; fileEncoding = 4; lastKnownFileType = sourcecode.c.h; name = ButtonCell.h; path = CustomCells/ButtonCell.h; sourceTree = "<group>"; };
		40FC00C41C4A73430065B07D /* ButtonCell.m */ = {isa = PBXFileReference; fileEncoding = 4; lastKnownFileType = sourcecode.c.objc; name = ButtonCell.m; path = CustomCells/ButtonCell.m; sourceTree = "<group>"; };
		40FC00C51C4A73430065B07D /* NormalCell.h */ = {isa = PBXFileReference; fileEncoding = 4; lastKnownFileType = sourcecode.c.h; name = NormalCell.h; path = CustomCells/NormalCell.h; sourceTree = "<group>"; };
		40FC00C61C4A73430065B07D /* NormalCell.m */ = {isa = PBXFileReference; fileEncoding = 4; lastKnownFileType = sourcecode.c.objc; name = NormalCell.m; path = CustomCells/NormalCell.m; sourceTree = "<group>"; };
		40FC00C71C4A73430065B07D /* TextfieldCell.h */ = {isa = PBXFileReference; fileEncoding = 4; lastKnownFileType = sourcecode.c.h; name = TextfieldCell.h; path = CustomCells/TextfieldCell.h; sourceTree = "<group>"; };
		40FC00C81C4A73430065B07D /* TextfieldCell.m */ = {isa = PBXFileReference; fileEncoding = 4; lastKnownFileType = sourcecode.c.objc; name = TextfieldCell.m; path = CustomCells/TextfieldCell.m; sourceTree = "<group>"; };
		40FC00C91C4A73430065B07D /* TitleCell.h */ = {isa = PBXFileReference; fileEncoding = 4; lastKnownFileType = sourcecode.c.h; name = TitleCell.h; path = CustomCells/TitleCell.h; sourceTree = "<group>"; };
		40FC00CA1C4A73430065B07D /* TitleCell.m */ = {isa = PBXFileReference; fileEncoding = 4; lastKnownFileType = sourcecode.c.objc; name = TitleCell.m; path = CustomCells/TitleCell.m; sourceTree = "<group>"; };
		40FCA8BB1BF9C2FE00059BA7 /* dingdong.app */ = {isa = PBXFileReference; explicitFileType = wrapper.application; includeInIndex = 0; path = dingdong.app; sourceTree = BUILT_PRODUCTS_DIR; };
		40FCA8BF1BF9C2FE00059BA7 /* main.m */ = {isa = PBXFileReference; lastKnownFileType = sourcecode.c.objc; path = main.m; sourceTree = "<group>"; };
		40FCA8C11BF9C2FE00059BA7 /* AppDelegate.h */ = {isa = PBXFileReference; lastKnownFileType = sourcecode.c.h; path = AppDelegate.h; sourceTree = "<group>"; };
		40FCA8C21BF9C2FE00059BA7 /* AppDelegate.m */ = {isa = PBXFileReference; lastKnownFileType = sourcecode.c.objc; path = AppDelegate.m; sourceTree = "<group>"; };
		40FCA8CA1BF9C2FE00059BA7 /* Assets.xcassets */ = {isa = PBXFileReference; lastKnownFileType = folder.assetcatalog; path = Assets.xcassets; sourceTree = "<group>"; };
		40FCA8CF1BF9C2FE00059BA7 /* Info.plist */ = {isa = PBXFileReference; lastKnownFileType = text.plist.xml; path = Info.plist; sourceTree = "<group>"; };
		40FCA8D51BF9C45900059BA7 /* EstimoteSDK.framework */ = {isa = PBXFileReference; lastKnownFileType = wrapper.framework; path = EstimoteSDK.framework; sourceTree = "<group>"; };
		40FCA8D71BF9D87300059BA7 /* MainViewController.h */ = {isa = PBXFileReference; fileEncoding = 4; lastKnownFileType = sourcecode.c.h; path = MainViewController.h; sourceTree = "<group>"; };
		40FCA8D81BF9D87300059BA7 /* MainViewController.m */ = {isa = PBXFileReference; fileEncoding = 4; lastKnownFileType = sourcecode.c.objc; path = MainViewController.m; sourceTree = "<group>"; };
		40FCA8DA1BF9DD6B00059BA7 /* SettingsViewController.h */ = {isa = PBXFileReference; fileEncoding = 4; lastKnownFileType = sourcecode.c.h; path = SettingsViewController.h; sourceTree = "<group>"; };
		40FCA8DB1BF9DD6B00059BA7 /* SettingsViewController.m */ = {isa = PBXFileReference; fileEncoding = 4; lastKnownFileType = sourcecode.c.objc; path = SettingsViewController.m; sourceTree = "<group>"; };
/* End PBXFileReference section */

/* Begin PBXFrameworksBuildPhase section */
		40FCA8B81BF9C2FE00059BA7 /* Frameworks */ = {
			isa = PBXFrameworksBuildPhase;
			buildActionMask = 2147483647;
			files = (
				40FCA8D61BF9C45900059BA7 /* EstimoteSDK.framework in Frameworks */,
			);
			runOnlyForDeploymentPostprocessing = 0;
		};
/* End PBXFrameworksBuildPhase section */

/* Begin PBXGroup section */
		40065D261BFD58C500B93387 /* Database */ = {
			isa = PBXGroup;
			children = (
				40FC00AF1C4A72FE0065B07D /* dingdong.v1.0.0.xcdatamodeld */,
				40FC00AB1C4A72FE0065B07D /* Database.h */,
				40FC00AC1C4A72FE0065B07D /* Database.m */,
				40FC00AD1C4A72FE0065B07D /* Dingdong.h */,
				40FC00AE1C4A72FE0065B07D /* Dingdong.m */,
				40FC00B11C4A72FE0065B07D /* Dingdong+CoreDataProperties.h */,
				40FC00B21C4A72FE0065B07D /* Dingdong+CoreDataProperties.m */,
				40FC00B31C4A72FE0065B07D /* Message.h */,
				40FC00B41C4A72FE0065B07D /* Message.m */,
				40FC00B51C4A72FE0065B07D /* Message+CoreDataProperties.h */,
				40FC00B61C4A72FE0065B07D /* Message+CoreDataProperties.m */,
				40FC00B71C4A72FE0065B07D /* Profile.h */,
				40FC00B81C4A72FE0065B07D /* Profile.m */,
				40FC00B91C4A72FE0065B07D /* Profile+CoreDataProperties.h */,
				40FC00BA1C4A72FE0065B07D /* Profile+CoreDataProperties.m */,
			);
			name = Database;
			sourceTree = "<group>";
		};
		4094C46F1C0028D30049FFD0 /* Cloudilly */ = {
			isa = PBXGroup;
			children = (
				40FC00A21C4A72DB0065B07D /* Cloudilly.h */,
				40FC00A31C4A72DB0065B07D /* Cloudilly.m */,
				40FC00A41C4A72DB0065B07D /* GCDAsyncSocket.h */,
				40FC00A51C4A72DB0065B07D /* GCDAsyncSocket.m */,
				40FC00A61C4A72DB0065B07D /* Reachability.h */,
				40FC00A71C4A72DB0065B07D /* Reachability.m */,
			);
			name = Cloudilly;
			sourceTree = "<group>";
		};
		40FCA8B21BF9C2FE00059BA7 = {
			isa = PBXGroup;
			children = (
				40FCA8BD1BF9C2FE00059BA7 /* dingdong */,
				40FCA8BC1BF9C2FE00059BA7 /* Products */,
			);
			sourceTree = "<group>";
		};
		40FCA8BC1BF9C2FE00059BA7 /* Products */ = {
			isa = PBXGroup;
			children = (
				40FCA8BB1BF9C2FE00059BA7 /* dingdong.app */,
			);
			name = Products;
			sourceTree = "<group>";
		};
		40FCA8BD1BF9C2FE00059BA7 /* dingdong */ = {
			isa = PBXGroup;
			children = (
				40FCA8C11BF9C2FE00059BA7 /* AppDelegate.h */,
				40FCA8C21BF9C2FE00059BA7 /* AppDelegate.m */,
				40FCA8D71BF9D87300059BA7 /* MainViewController.h */,
				40FCA8D81BF9D87300059BA7 /* MainViewController.m */,
				40FCA8DA1BF9DD6B00059BA7 /* SettingsViewController.h */,
				40FCA8DB1BF9DD6B00059BA7 /* SettingsViewController.m */,
				40E786D21BFB5AF700D64824 /* LoginViewController.h */,
				40E786D31BFB5AF700D64824 /* LoginViewController.m */,
				40E786CC1BFB521900D64824 /* SignupViewController.h */,
				40E786CD1BFB521900D64824 /* SignupViewController.m */,
				40E786D51BFB754300D64824 /* PairViewController.h */,
				40E786D61BFB754300D64824 /* PairViewController.m */,
				4090C3721C00778C00D53F57 /* BeaconViewController.h */,
				4090C3731C00778C00D53F57 /* BeaconViewController.m */,
				409DD1041C016CCA008617FD /* MessageViewController.h */,
				409DD1051C016CCA008617FD /* MessageViewController.m */,
				40FCA8CA1BF9C2FE00059BA7 /* Assets.xcassets */,
				40FCA8CF1BF9C2FE00059BA7 /* Info.plist */,
				4094C46F1C0028D30049FFD0 /* Cloudilly */,
				40065D261BFD58C500B93387 /* Database */,
				40FCA8DD1BF9E58600059BA7 /* CustomCells */,
				40FCA8D51BF9C45900059BA7 /* EstimoteSDK.framework */,
				40FCA8BE1BF9C2FE00059BA7 /* Supporting Files */,
			);
			path = dingdong;
			sourceTree = "<group>";
		};
		40FCA8BE1BF9C2FE00059BA7 /* Supporting Files */ = {
			isa = PBXGroup;
			children = (
				40FCA8BF1BF9C2FE00059BA7 /* main.m */,
			);
			name = "Supporting Files";
			sourceTree = "<group>";
		};
		40FCA8DD1BF9E58600059BA7 /* CustomCells */ = {
			isa = PBXGroup;
			children = (
				40FC00C31C4A73430065B07D /* ButtonCell.h */,
				40FC00C41C4A73430065B07D /* ButtonCell.m */,
				40FC00C51C4A73430065B07D /* NormalCell.h */,
				40FC00C61C4A73430065B07D /* NormalCell.m */,
				40FC00C71C4A73430065B07D /* TextfieldCell.h */,
				40FC00C81C4A73430065B07D /* TextfieldCell.m */,
				40FC00C91C4A73430065B07D /* TitleCell.h */,
				40FC00CA1C4A73430065B07D /* TitleCell.m */,
			);
			name = CustomCells;
			sourceTree = "<group>";
		};
/* End PBXGroup section */

/* Begin PBXNativeTarget section */
		40FCA8BA1BF9C2FE00059BA7 /* dingdong */ = {
			isa = PBXNativeTarget;
			buildConfigurationList = 40FCA8D21BF9C2FE00059BA7 /* Build configuration list for PBXNativeTarget "dingdong" */;
			buildPhases = (
				40FCA8B71BF9C2FE00059BA7 /* Sources */,
				40FCA8B81BF9C2FE00059BA7 /* Frameworks */,
				40FCA8B91BF9C2FE00059BA7 /* Resources */,
			);
			buildRules = (
			);
			dependencies = (
			);
			name = dingdong;
			productName = dingdong;
			productReference = 40FCA8BB1BF9C2FE00059BA7 /* dingdong.app */;
			productType = "com.apple.product-type.application";
		};
/* End PBXNativeTarget section */

/* Begin PBXProject section */
		40FCA8B31BF9C2FE00059BA7 /* Project object */ = {
			isa = PBXProject;
			attributes = {
				LastUpgradeCheck = 0710;
				ORGANIZATIONNAME = "Cloudilly Private Limited";
				TargetAttributes = {
					40FCA8BA1BF9C2FE00059BA7 = {
						CreatedOnToolsVersion = 7.1.1;
					};
				};
			};
			buildConfigurationList = 40FCA8B61BF9C2FE00059BA7 /* Build configuration list for PBXProject "dingdong" */;
			compatibilityVersion = "Xcode 3.2";
			developmentRegion = English;
			hasScannedForEncodings = 0;
			knownRegions = (
				en,
				Base,
			);
			mainGroup = 40FCA8B21BF9C2FE00059BA7;
			productRefGroup = 40FCA8BC1BF9C2FE00059BA7 /* Products */;
			projectDirPath = "";
			projectRoot = "";
			targets = (
				40FCA8BA1BF9C2FE00059BA7 /* dingdong */,
			);
		};
/* End PBXProject section */

/* Begin PBXResourcesBuildPhase section */
		40FCA8B91BF9C2FE00059BA7 /* Resources */ = {
			isa = PBXResourcesBuildPhase;
			buildActionMask = 2147483647;
			files = (
				40FCA8CB1BF9C2FE00059BA7 /* Assets.xcassets in Resources */,
			);
			runOnlyForDeploymentPostprocessing = 0;
		};
/* End PBXResourcesBuildPhase section */

/* Begin PBXSourcesBuildPhase section */
		40FCA8B71BF9C2FE00059BA7 /* Sources */ = {
			isa = PBXSourcesBuildPhase;
			buildActionMask = 2147483647;
			files = (
				40FC00BC1C4A72FE0065B07D /* Dingdong.m in Sources */,
				40FC00BD1C4A72FE0065B07D /* dingdong.v1.0.0.xcdatamodeld in Sources */,
				40FCA8C31BF9C2FE00059BA7 /* AppDelegate.m in Sources */,
				40FC00CC1C4A73430065B07D /* NormalCell.m in Sources */,
				40FCA8D91BF9D87300059BA7 /* MainViewController.m in Sources */,
				4090C3741C00778C00D53F57 /* BeaconViewController.m in Sources */,
				40FC00C01C4A72FE0065B07D /* Message+CoreDataProperties.m in Sources */,
				40FC00BE1C4A72FE0065B07D /* Dingdong+CoreDataProperties.m in Sources */,
				40E786D41BFB5AF700D64824 /* LoginViewController.m in Sources */,
				40FC00CE1C4A73430065B07D /* TitleCell.m in Sources */,
				40FC00BB1C4A72FE0065B07D /* Database.m in Sources */,
				40FC00C21C4A72FE0065B07D /* Profile+CoreDataProperties.m in Sources */,
				40FCA8C01BF9C2FE00059BA7 /* main.m in Sources */,
				40E786CE1BFB521900D64824 /* SignupViewController.m in Sources */,
				40FC00BF1C4A72FE0065B07D /* Message.m in Sources */,
				40FC00A91C4A72DB0065B07D /* GCDAsyncSocket.m in Sources */,
				409DD1061C016CCA008617FD /* MessageViewController.m in Sources */,
				40FC00C11C4A72FE0065B07D /* Profile.m in Sources */,
				40E786D71BFB754300D64824 /* PairViewController.m in Sources */,
				40FC00CB1C4A73430065B07D /* ButtonCell.m in Sources */,
				40FC00CD1C4A73430065B07D /* TextfieldCell.m in Sources */,
				40FCA8DC1BF9DD6B00059BA7 /* SettingsViewController.m in Sources */,
				40FC00A81C4A72DB0065B07D /* Cloudilly.m in Sources */,
				40FC00AA1C4A72DB0065B07D /* Reachability.m in Sources */,
			);
			runOnlyForDeploymentPostprocessing = 0;
		};
/* End PBXSourcesBuildPhase section */

/* Begin XCBuildConfiguration section */
		40FCA8D01BF9C2FE00059BA7 /* Debug */ = {
			isa = XCBuildConfiguration;
			buildSettings = {
				ALWAYS_SEARCH_USER_PATHS = NO;
				CLANG_CXX_LANGUAGE_STANDARD = "gnu++0x";
				CLANG_CXX_LIBRARY = "libc++";
				CLANG_ENABLE_MODULES = YES;
				CLANG_ENABLE_OBJC_ARC = YES;
				CLANG_WARN_BOOL_CONVERSION = YES;
				CLANG_WARN_CONSTANT_CONVERSION = YES;
				CLANG_WARN_DIRECT_OBJC_ISA_USAGE = YES_ERROR;
				CLANG_WARN_EMPTY_BODY = YES;
				CLANG_WARN_ENUM_CONVERSION = YES;
				CLANG_WARN_INT_CONVERSION = YES;
				CLANG_WARN_OBJC_ROOT_CLASS = YES_ERROR;
				CLANG_WARN_UNREACHABLE_CODE = YES;
				CLANG_WARN__DUPLICATE_METHOD_MATCH = YES;
				"CODE_SIGN_IDENTITY[sdk=iphoneos*]" = "iPhone Developer";
				COPY_PHASE_STRIP = NO;
				DEBUG_INFORMATION_FORMAT = dwarf;
				ENABLE_STRICT_OBJC_MSGSEND = YES;
				ENABLE_TESTABILITY = YES;
				GCC_C_LANGUAGE_STANDARD = gnu99;
				GCC_DYNAMIC_NO_PIC = NO;
				GCC_NO_COMMON_BLOCKS = YES;
				GCC_OPTIMIZATION_LEVEL = 0;
				GCC_PREPROCESSOR_DEFINITIONS = (
					"DEBUG=1",
					"$(inherited)",
				);
				GCC_WARN_64_TO_32_BIT_CONVERSION = YES;
				GCC_WARN_ABOUT_RETURN_TYPE = YES_ERROR;
				GCC_WARN_UNDECLARED_SELECTOR = YES;
				GCC_WARN_UNINITIALIZED_AUTOS = YES_AGGRESSIVE;
				GCC_WARN_UNUSED_FUNCTION = YES;
				GCC_WARN_UNUSED_VARIABLE = YES;
				IPHONEOS_DEPLOYMENT_TARGET = 9.1;
				MTL_ENABLE_DEBUG_INFO = YES;
				ONLY_ACTIVE_ARCH = YES;
				SDKROOT = iphoneos;
				TARGETED_DEVICE_FAMILY = "1,2";
			};
			name = Debug;
		};
		40FCA8D11BF9C2FE00059BA7 /* Release */ = {
			isa = XCBuildConfiguration;
			buildSettings = {
				ALWAYS_SEARCH_USER_PATHS = NO;
				CLANG_CXX_LANGUAGE_STANDARD = "gnu++0x";
				CLANG_CXX_LIBRARY = "libc++";
				CLANG_ENABLE_MODULES = YES;
				CLANG_ENABLE_OBJC_ARC = YES;
				CLANG_WARN_BOOL_CONVERSION = YES;
				CLANG_WARN_CONSTANT_CONVERSION = YES;
				CLANG_WARN_DIRECT_OBJC_ISA_USAGE = YES_ERROR;
				CLANG_WARN_EMPTY_BODY = YES;
				CLANG_WARN_ENUM_CONVERSION = YES;
				CLANG_WARN_INT_CONVERSION = YES;
				CLANG_WARN_OBJC_ROOT_CLASS = YES_ERROR;
				CLANG_WARN_UNREACHABLE_CODE = YES;
				CLANG_WARN__DUPLICATE_METHOD_MATCH = YES;
				"CODE_SIGN_IDENTITY[sdk=iphoneos*]" = "iPhone Developer";
				COPY_PHASE_STRIP = NO;
				DEBUG_INFORMATION_FORMAT = "dwarf-with-dsym";
				ENABLE_NS_ASSERTIONS = NO;
				ENABLE_STRICT_OBJC_MSGSEND = YES;
				GCC_C_LANGUAGE_STANDARD = gnu99;
				GCC_NO_COMMON_BLOCKS = YES;
				GCC_WARN_64_TO_32_BIT_CONVERSION = YES;
				GCC_WARN_ABOUT_RETURN_TYPE = YES_ERROR;
				GCC_WARN_UNDECLARED_SELECTOR = YES;
				GCC_WARN_UNINITIALIZED_AUTOS = YES_AGGRESSIVE;
				GCC_WARN_UNUSED_FUNCTION = YES;
				GCC_WARN_UNUSED_VARIABLE = YES;
				IPHONEOS_DEPLOYMENT_TARGET = 9.1;
				MTL_ENABLE_DEBUG_INFO = NO;
				SDKROOT = iphoneos;
				TARGETED_DEVICE_FAMILY = "1,2";
				VALIDATE_PRODUCT = YES;
			};
			name = Release;
		};
		40FCA8D31BF9C2FE00059BA7 /* Debug */ = {
			isa = XCBuildConfiguration;
			buildSettings = {
				ASSETCATALOG_COMPILER_APPICON_NAME = AppIcon;
				CODE_SIGN_IDENTITY = "iPhone Developer: Zhongcai Ng (5R29VJ3RN7)";
				FRAMEWORK_SEARCH_PATHS = (
					"$(inherited)",
					"$(PROJECT_DIR)/dingdong",
				);
				INFOPLIST_FILE = dingdong/Info.plist;
				LD_RUNPATH_SEARCH_PATHS = "$(inherited) @executable_path/Frameworks";
				PRODUCT_BUNDLE_IDENTIFIER = com.cloudilly.dingdong;
				PRODUCT_NAME = "$(TARGET_NAME)";
			};
			name = Debug;
		};
		40FCA8D41BF9C2FE00059BA7 /* Release */ = {
			isa = XCBuildConfiguration;
			buildSettings = {
				ASSETCATALOG_COMPILER_APPICON_NAME = AppIcon;
				CODE_SIGN_IDENTITY = "iPhone Distribution: Zhongcai Ng (N9UZD3CXZZ)";
				FRAMEWORK_SEARCH_PATHS = (
					"$(inherited)",
					"$(PROJECT_DIR)/dingdong",
				);
				INFOPLIST_FILE = dingdong/Info.plist;
				LD_RUNPATH_SEARCH_PATHS = "$(inherited) @executable_path/Frameworks";
				PRODUCT_BUNDLE_IDENTIFIER = com.cloudilly.dingdong;
				PRODUCT_NAME = "$(TARGET_NAME)";
			};
			name = Release;
		};
/* End XCBuildConfiguration section */

/* Begin XCConfigurationList section */
		40FCA8B61BF9C2FE00059BA7 /* Build configuration list for PBXProject "dingdong" */ = {
			isa = XCConfigurationList;
			buildConfigurations = (
				40FCA8D01BF9C2FE00059BA7 /* Debug */,
				40FCA8D11BF9C2FE00059BA7 /* Release */,
			);
			defaultConfigurationIsVisible = 0;
			defaultConfigurationName = Release;
		};
		40FCA8D21BF9C2FE00059BA7 /* Build configuration list for PBXNativeTarget "dingdong" */ = {
			isa = XCConfigurationList;
			buildConfigurations = (
				40FCA8D31BF9C2FE00059BA7 /* Debug */,
				40FCA8D41BF9C2FE00059BA7 /* Release */,
			);
			defaultConfigurationIsVisible = 0;
			defaultConfigurationName = Release;
		};
/* End XCConfigurationList section */

/* Begin XCVersionGroup section */
		40FC00AF1C4A72FE0065B07D /* dingdong.v1.0.0.xcdatamodeld */ = {
			isa = XCVersionGroup;
			children = (
				40FC00B01C4A72FE0065B07D /* dingdong.v1.0.0.xcdatamodel */,
			);
			currentVersion = 40FC00B01C4A72FE0065B07D /* dingdong.v1.0.0.xcdatamodel */;
			name = dingdong.v1.0.0.xcdatamodeld;
			path = Database/dingdong.v1.0.0.xcdatamodeld;
			sourceTree = "<group>";
			versionGroupType = wrapper.xcdatamodel;
		};
/* End XCVersionGroup section */
	};
	rootObject = 40FCA8B31BF9C2FE00059BA7 /* Project object */;
}
